
Microsoft Visual Studio Solution File, Format Version 12.00
# Visual Studio Version 16
VisualStudioVersion = 16.0.28809.33
MinimumVisualStudioVersion = 10.0.40219.1
Project("{FAE04EC0-301F-11D3-BF4B-00C04F79EFBC}") = "StockMarketCharts", "StockMarketCharts\StockMarketCharts.csproj", "{22247CD4-1C1E-4911-B693-E1F2C16AA214}"
EndProject
Global
	GlobalSection(SolutionConfigurationPlatforms) = preSolution
		Debug|Any CPU = Debug|Any CPU
		Release|Any CPU = Release|Any CPU
	EndGlobalSection
	GlobalSection(ProjectConfigurationPlatforms) = postSolution
		{22247CD4-1C1E-4911-B693-E1F2C16AA214}.Debug|Any CPU.ActiveCfg = Debug|Any CPU
		{22247CD4-1C1E-4911-B693-E1F2C16AA214}.Debug|Any CPU.Build.0 = Debug|Any CPU
		{22247CD4-1C1E-4911-B693-E1F2C16AA214}.Release|Any CPU.ActiveCfg = Release|Any CPU
		{22247CD4-1C1E-4911-B693-E1F2C16AA214}.Release|Any CPU.Build.0 = Release|Any CPU
	EndGlobalSection
	GlobalSection(SolutionProperties) = preSolution
		HideSolutionNode = FALSE
	EndGlobalSection
	GlobalSection(ExtensibilityGlobals) = postSolution
		SolutionGuid = {974D0E5D-0CFF-4E81-B461-09CB550454DA}
	EndGlobalSection
EndGlobal
